
Microsoft Visual Studio Solution File, Format Version 12.00
# Visual Studio Version 16
VisualStudioVersion = 16.0.29911.84
MinimumVisualStudioVersion = 10.0.40219.1
Project("{FAE04EC0-301F-11D3-BF4B-00C04F79EFBC}") = "testeLib", "testeLib\testeLib.csproj", "{D9B04E0B-53AA-4D8C-977A-9A1983506D47}"
EndProject
Project("{FAE04EC0-301F-11D3-BF4B-00C04F79EFBC}") = "NSSuiteCSharpLib", "NSSuiteCharpLib\NSSuiteCSharpLib.csproj", "{40E0B40E-BAD9-42BA-A1B1-78F5612521ED}"
EndProject
Global
	GlobalSection(SolutionConfigurationPlatforms) = preSolution
		Debug|Any CPU = Debug|Any CPU
		Debug|ARM = Debug|ARM
		Debug|ARM64 = Debug|ARM64
		Debug|x64 = Debug|x64
		Debug|x86 = Debug|x86
		Release|Any CPU = Release|Any CPU
		Release|ARM = Release|ARM
		Release|ARM64 = Release|ARM64
		Release|x64 = Release|x64
		Release|x86 = Release|x86
	EndGlobalSection
	GlobalSection(ProjectConfigurationPlatforms) = postSolution
		{D9B04E0B-53AA-4D8C-977A-9A1983506D47}.Debug|Any CPU.ActiveCfg = Debug|Any CPU
		{D9B04E0B-53AA-4D8C-977A-9A1983506D47}.Debug|Any CPU.Build.0 = Debug|Any CPU
		{D9B04E0B-53AA-4D8C-977A-9A1983506D47}.Debug|ARM.ActiveCfg = Debug|Any CPU
		{D9B04E0B-53AA-4D8C-977A-9A1983506D47}.Debug|ARM.Build.0 = Debug|Any CPU
		{D9B04E0B-53AA-4D8C-977A-9A1983506D47}.Debug|ARM64.ActiveCfg = Debug|Any CPU
		{D9B04E0B-53AA-4D8C-977A-9A1983506D47}.Debug|ARM64.Build.0 = Debug|Any CPU
		{D9B04E0B-53AA-4D8C-977A-9A1983506D47}.Debug|x64.ActiveCfg = Debug|Any CPU
		{D9B04E0B-53AA-4D8C-977A-9A1983506D47}.Debug|x64.Build.0 = Debug|Any CPU
		{D9B04E0B-53AA-4D8C-977A-9A1983506D47}.Debug|x86.ActiveCfg = Debug|Any CPU
		{D9B04E0B-53AA-4D8C-977A-9A1983506D47}.Debug|x86.Build.0 = Debug|Any CPU
		{D9B04E0B-53AA-4D8C-977A-9A1983506D47}.Release|Any CPU.ActiveCfg = Release|Any CPU
		{D9B04E0B-53AA-4D8C-977A-9A1983506D47}.Release|Any CPU.Build.0 = Release|Any CPU
		{D9B04E0B-53AA-4D8C-977A-9A1983506D47}.Release|ARM.ActiveCfg = Release|Any CPU
		{D9B04E0B-53AA-4D8C-977A-9A1983506D47}.Release|ARM.Build.0 = Release|Any CPU
		{D9B04E0B-53AA-4D8C-977A-9A1983506D47}.Release|ARM64.ActiveCfg = Release|Any CPU
		{D9B04E0B-53AA-4D8C-977A-9A1983506D47}.Release|ARM64.Build.0 = Release|Any CPU
		{D9B04E0B-53AA-4D8C-977A-9A1983506D47}.Release|x64.ActiveCfg = Release|Any CPU
		{D9B04E0B-53AA-4D8C-977A-9A1983506D47}.Release|x64.Build.0 = Release|Any CPU
		{D9B04E0B-53AA-4D8C-977A-9A1983506D47}.Release|x86.ActiveCfg = Release|Any CPU
		{D9B04E0B-53AA-4D8C-977A-9A1983506D47}.Release|x86.Build.0 = Release|Any CPU
		{40E0B40E-BAD9-42BA-A1B1-78F5612521ED}.Debug|Any CPU.ActiveCfg = Debug|Any CPU
		{40E0B40E-BAD9-42BA-A1B1-78F5612521ED}.Debug|Any CPU.Build.0 = Debug|Any CPU
		{40E0B40E-BAD9-42BA-A1B1-78F5612521ED}.Debug|ARM.ActiveCfg = Debug|Any CPU
		{40E0B40E-BAD9-42BA-A1B1-78F5612521ED}.Debug|ARM.Build.0 = Debug|Any CPU
		{40E0B40E-BAD9-42BA-A1B1-78F5612521ED}.Debug|ARM64.ActiveCfg = Debug|Any CPU
		{40E0B40E-BAD9-42BA-A1B1-78F5612521ED}.Debug|ARM64.Build.0 = Debug|Any CPU
		{40E0B40E-BAD9-42BA-A1B1-78F5612521ED}.Debug|x64.ActiveCfg = Debug|Any CPU
		{40E0B40E-BAD9-42BA-A1B1-78F5612521ED}.Debug|x64.Build.0 = Debug|Any CPU
		{40E0B40E-BAD9-42BA-A1B1-78F5612521ED}.Debug|x86.ActiveCfg = Debug|Any CPU
		{40E0B40E-BAD9-42BA-A1B1-78F5612521ED}.Debug|x86.Build.0 = Debug|Any CPU
		{40E0B40E-BAD9-42BA-A1B1-78F5612521ED}.Release|Any CPU.ActiveCfg = Release|Any CPU
		{40E0B40E-BAD9-42BA-A1B1-78F5612521ED}.Release|Any CPU.Build.0 = Release|Any CPU
		{40E0B40E-BAD9-42BA-A1B1-78F5612521ED}.Release|ARM.ActiveCfg = Release|Any CPU
		{40E0B40E-BAD9-42BA-A1B1-78F5612521ED}.Release|ARM.Build.0 = Release|Any CPU
		{40E0B40E-BAD9-42BA-A1B1-78F5612521ED}.Release|ARM64.ActiveCfg = Release|Any CPU
		{40E0B40E-BAD9-42BA-A1B1-78F5612521ED}.Release|ARM64.Build.0 = Release|Any CPU
		{40E0B40E-BAD9-42BA-A1B1-78F5612521ED}.Release|x64.ActiveCfg = Release|Any CPU
		{40E0B40E-BAD9-42BA-A1B1-78F5612521ED}.Release|x64.Build.0 = Release|Any CPU
		{40E0B40E-BAD9-42BA-A1B1-78F5612521ED}.Release|x86.ActiveCfg = Release|Any CPU
		{40E0B40E-BAD9-42BA-A1B1-78F5612521ED}.Release|x86.Build.0 = Release|Any CPU
	EndGlobalSection
	GlobalSection(SolutionProperties) = preSolution
		HideSolutionNode = FALSE
	EndGlobalSection
	GlobalSection(ExtensibilityGlobals) = postSolution
		SolutionGuid = {9BA2F78A-435F-4274-B204-2BB25B30BEC6}
	EndGlobalSection
EndGlobal
